Microsoft Visual Studio Solution File, Format Version 9.00
# Visual Studio 2005
Project("{8BC9CEB8-8B4A-11D0-8D11-00A0C91BC942}") = "im", "im.vcproj", "{5A761929-07C3-48BD-8E4A-B37EC5C72C42}"
EndProject
Project("{8BC9CEB8-8B4A-11D0-8D11-00A0C91BC942}") = "im_avi", "im_avi.vcproj", "{CB863607-6B6C-0000-0000-000000000000}"
EndProject
Project("{8BC9CEB8-8B4A-11D0-8D11-00A0C91BC942}") = "im_capture", "im_capture.vcproj", "{CB868607-6B6C-4CDF-9B6D-27AA925AE473}"
EndProject
Project("{8BC9CEB8-8B4A-11D0-8D11-00A0C91BC942}") = "im_jp2", "im_jp2.vcproj", "{CB96E607-6B6C-0000-0000-000000000000}"
EndProject
Project("{8BC9CEB8-8B4A-11D0-8D11-00A0C91BC942}") = "im_process", "im_process.vcproj", "{CB80E607-6B6C-4ADF-9B6D-27AA925AE493}"
EndProject
Project("{8BC9CEB8-8B4A-11D0-8D11-00A0C91BC942}") = "im_wmv", "im_wmv.vcproj", "{CB86E507-6B6C-4FDF-9B6D-27AA925AE463}"
EndProject
Project("{8BC9CEB8-8B4A-11D0-8D11-00A0C91BC942}") = "im_fftw", "im_fftw.vcproj", "{CB80E607-6B6C-345F-9B6D-27AA9123E493}"
EndProject
Project("{8BC9CEB8-8B4A-11D0-8D11-00A0C91BC942}") = "imlua3", "imlua3.vcproj", "{43564684-75A9-41FE-847B-BF8514C14571}"
EndProject
Project("{8BC9CEB8-8B4A-11D0-8D11-00A0C91BC942}") = "imlua5", "imlua5.vcproj", "{CB863607-6B6C-0000-0000-000000001234}"
EndProject
Project("{8BC9CEB8-8B4A-11D0-8D11-00A0C91BC942}") = "imlua_capture5", "imlua_capture5.vcproj", "{CB863607-6B6C-0000-0000-678900001234}"
EndProject
Project("{8BC9CEB8-8B4A-11D0-8D11-00A0C91BC942}") = "imlua_fftw5", "imlua_fftw5.vcproj", "{CB863607-6B6C-0000-1234-000000001234}"
EndProject
Project("{8BC9CEB8-8B4A-11D0-8D11-00A0C91BC942}") = "imlua_process5", "imlua_process5.vcproj", "{CB863607-6B6C-0000-7689-000000001234}"
EndProject
Project("{8BC9CEB8-8B4A-11D0-8D11-00A0C91BC942}") = "im_ecw", "im_ecw.vcproj", "{CB86E507-6B6C-4FDF-9B6D-27AA123AE463}"
EndProject
Project("{2150E333-8FDC-42A3-9474-1A3956D46DE8}") = "Lua3", "Lua3", "{0AB99E2F-D746-4ABC-BF14-33F6936CF927}"
EndProject
Project("{2150E333-8FDC-42A3-9474-1A3956D46DE8}") = "Test", "Test", "{F36FF650-2081-42D4-82C2-645324897900}"
EndProject
Project("{2150E333-8FDC-42A3-9474-1A3956D46DE8}") = "Lua5", "Lua5", "{45695057-0514-4294-AE1D-15D4017F0389}"
EndProject
Project("{2150E333-8FDC-42A3-9474-1A3956D46DE8}") = "Formats", "Formats", "{E23E03B7-7DFC-4A8F-B996-F0D052E8EBDD}"
EndProject
Project("{8BC9CEB8-8B4A-11D0-8D11-00A0C91BC942}") = "im_info", "im_info.vcproj", "{909637FA-8229-45A9-9F42-53D8ED5F91C5}"
	ProjectSection(ProjectDependencies) = postProject
		{CB863607-6B6C-0000-0000-000000000000} = {CB863607-6B6C-0000-0000-000000000000}
		{CB86E507-6B6C-4FDF-9B6D-27AA925AE463} = {CB86E507-6B6C-4FDF-9B6D-27AA925AE463}
		{CB96E607-6B6C-0000-0000-000000000000} = {CB96E607-6B6C-0000-0000-000000000000}
		{5A761929-07C3-48BD-8E4A-B37EC5C72C42} = {5A761929-07C3-48BD-8E4A-B37EC5C72C42}
	EndProjectSection
EndProject
Project("{8BC9CEB8-8B4A-11D0-8D11-00A0C91BC942}") = "im_copy", "im_copy.vcproj", "{328002C9-0726-4BB5-AD09-1BA1DC96F912}"
	ProjectSection(ProjectDependencies) = postProject
		{CB863607-6B6C-0000-0000-000000000000} = {CB863607-6B6C-0000-0000-000000000000}
		{CB86E507-6B6C-4FDF-9B6D-27AA925AE463} = {CB86E507-6B6C-4FDF-9B6D-27AA925AE463}
		{CB96E607-6B6C-0000-0000-000000000000} = {CB96E607-6B6C-0000-0000-000000000000}
		{5A761929-07C3-48BD-8E4A-B37EC5C72C42} = {5A761929-07C3-48BD-8E4A-B37EC5C72C42}
	EndProjectSection
EndProject
Project("{8BC9CEB8-8B4A-11D0-8D11-00A0C91BC942}") = "im_view", "im_view.vcproj", "{99675DC2-A7EE-4BC8-B7E7-CD437D4FAC3B}"
	ProjectSection(ProjectDependencies) = postProject
		{CB863607-6B6C-0000-0000-000000000000} = {CB863607-6B6C-0000-0000-000000000000}
		{CB96E607-6B6C-0000-0000-000000000000} = {CB96E607-6B6C-0000-0000-000000000000}
		{5A761929-07C3-48BD-8E4A-B37EC5C72C42} = {5A761929-07C3-48BD-8E4A-B37EC5C72C42}
	EndProjectSection
EndProject
Global
	GlobalSection(SolutionConfigurationPlatforms) = preSolution
		Debug|Win32 = Debug|Win32
		Debug|x64 = Debug|x64
		Release|Win32 = Release|Win32
		Release|x64 = Release|x64
	EndGlobalSection
	GlobalSection(ProjectConfigurationPlatforms) = postSolution
		{5A761929-07C3-48BD-8E4A-B37EC5C72C42}.Debug|Win32.ActiveCfg = Debug|Win32
		{5A761929-07C3-48BD-8E4A-B37EC5C72C42}.Debug|Win32.Build.0 = Debug|Win32
		{5A761929-07C3-48BD-8E4A-B37EC5C72C42}.Debug|x64.ActiveCfg = Debug|x64
		{5A761929-07C3-48BD-8E4A-B37EC5C72C42}.Release|Win32.ActiveCfg = Debug|Win32
		{5A761929-07C3-48BD-8E4A-B37EC5C72C42}.Release|x64.ActiveCfg = Debug|x64
		{CB863607-6B6C-0000-0000-000000000000}.Debug|Win32.ActiveCfg = Debug|Win32
		{CB863607-6B6C-0000-0000-000000000000}.Debug|Win32.Build.0 = Debug|Win32
		{CB863607-6B6C-0000-0000-000000000000}.Debug|x64.ActiveCfg = Debug|Win32
		{CB863607-6B6C-0000-0000-000000000000}.Release|Win32.ActiveCfg = Debug|Win32
		{CB863607-6B6C-0000-0000-000000000000}.Release|Win32.Build.0 = Debug|Win32
		{CB863607-6B6C-0000-0000-000000000000}.Release|x64.ActiveCfg = Debug|Win32
		{CB868607-6B6C-4CDF-9B6D-27AA925AE473}.Debug|Win32.ActiveCfg = Debug|Win32
		{CB868607-6B6C-4CDF-9B6D-27AA925AE473}.Debug|Win32.Build.0 = Debug|Win32
		{CB868607-6B6C-4CDF-9B6D-27AA925AE473}.Debug|x64.ActiveCfg = Debug|Win32
		{CB868607-6B6C-4CDF-9B6D-27AA925AE473}.Release|Win32.ActiveCfg = Debug|Win32
		{CB868607-6B6C-4CDF-9B6D-27AA925AE473}.Release|x64.ActiveCfg = Debug|Win32
		{CB96E607-6B6C-0000-0000-000000000000}.Debug|Win32.ActiveCfg = Debug|Win32
		{CB96E607-6B6C-0000-0000-000000000000}.Debug|Win32.Build.0 = Debug|Win32
		{CB96E607-6B6C-0000-0000-000000000000}.Debug|x64.ActiveCfg = Debug|Win32
		{CB96E607-6B6C-0000-0000-000000000000}.Release|Win32.ActiveCfg = Debug|Win32
		{CB96E607-6B6C-0000-0000-000000000000}.Release|x64.ActiveCfg = Debug|Win32
		{CB80E607-6B6C-4ADF-9B6D-27AA925AE493}.Debug|Win32.ActiveCfg = Debug|Win32
		{CB80E607-6B6C-4ADF-9B6D-27AA925AE493}.Debug|Win32.Build.0 = Debug|Win32
		{CB80E607-6B6C-4ADF-9B6D-27AA925AE493}.Debug|x64.ActiveCfg = Debug|Win32
		{CB80E607-6B6C-4ADF-9B6D-27AA925AE493}.Release|Win32.ActiveCfg = Debug|Win32
		{CB80E607-6B6C-4ADF-9B6D-27AA925AE493}.Release|x64.ActiveCfg = Debug|Win32
		{CB86E507-6B6C-4FDF-9B6D-27AA925AE463}.Debug|Win32.ActiveCfg = Debug|Win32
		{CB86E507-6B6C-4FDF-9B6D-27AA925AE463}.Debug|Win32.Build.0 = Debug|Win32
		{CB86E507-6B6C-4FDF-9B6D-27AA925AE463}.Debug|x64.ActiveCfg = Debug|Win32
		{CB86E507-6B6C-4FDF-9B6D-27AA925AE463}.Release|Win32.ActiveCfg = Debug|Win32
		{CB86E507-6B6C-4FDF-9B6D-27AA925AE463}.Release|x64.ActiveCfg = Debug|Win32
		{CB80E607-6B6C-345F-9B6D-27AA9123E493}.Debug|Win32.ActiveCfg = Debug|Win32
		{CB80E607-6B6C-345F-9B6D-27AA9123E493}.Debug|Win32.Build.0 = Debug|Win32
		{CB80E607-6B6C-345F-9B6D-27AA9123E493}.Debug|x64.ActiveCfg = Debug|Win32
		{CB80E607-6B6C-345F-9B6D-27AA9123E493}.Release|Win32.ActiveCfg = Debug|Win32
		{CB80E607-6B6C-345F-9B6D-27AA9123E493}.Release|x64.ActiveCfg = Debug|Win32
		{43564684-75A9-41FE-847B-BF8514C14571}.Debug|Win32.ActiveCfg = Debug|Win32
		{43564684-75A9-41FE-847B-BF8514C14571}.Debug|Win32.Build.0 = Debug|Win32
		{43564684-75A9-41FE-847B-BF8514C14571}.Debug|x64.ActiveCfg = Debug|Win32
		{43564684-75A9-41FE-847B-BF8514C14571}.Release|Win32.ActiveCfg = Debug|Win32
		{43564684-75A9-41FE-847B-BF8514C14571}.Release|x64.ActiveCfg = Debug|Win32
		{CB863607-6B6C-0000-0000-000000001234}.Debug|Win32.ActiveCfg = Debug|Win32
		{CB863607-6B6C-0000-0000-000000001234}.Debug|Win32.Build.0 = Debug|Win32
		{CB863607-6B6C-0000-0000-000000001234}.Debug|x64.ActiveCfg = Debug|Win32
		{CB863607-6B6C-0000-0000-000000001234}.Release|Win32.ActiveCfg = Debug|Win32
		{CB863607-6B6C-0000-0000-000000001234}.Release|Win32.Build.0 = Debug|Win32
		{CB863607-6B6C-0000-0000-000000001234}.Release|x64.ActiveCfg = Debug|Win32
		{CB863607-6B6C-0000-0000-678900001234}.Debug|Win32.ActiveCfg = Debug|Win32
		{CB863607-6B6C-0000-0000-678900001234}.Debug|Win32.Build.0 = Debug|Win32
		{CB863607-6B6C-0000-0000-678900001234}.Debug|x64.ActiveCfg = Debug|Win32
		{CB863607-6B6C-0000-0000-678900001234}.Release|Win32.ActiveCfg = Debug|Win32
		{CB863607-6B6C-0000-0000-678900001234}.Release|Win32.Build.0 = Debug|Win32
		{CB863607-6B6C-0000-0000-678900001234}.Release|x64.ActiveCfg = Debug|Win32
		{CB863607-6B6C-0000-1234-000000001234}.Debug|Win32.ActiveCfg = Debug|Win32
		{CB863607-6B6C-0000-1234-000000001234}.Debug|Win32.Build.0 = Debug|Win32
		{CB863607-6B6C-0000-1234-000000001234}.Debug|x64.ActiveCfg = Debug|Win32
		{CB863607-6B6C-0000-1234-000000001234}.Release|Win32.ActiveCfg = Debug|Win32
		{CB863607-6B6C-0000-1234-000000001234}.Release|Win32.Build.0 = Debug|Win32
		{CB863607-6B6C-0000-1234-000000001234}.Release|x64.ActiveCfg = Debug|Win32
		{CB863607-6B6C-0000-7689-000000001234}.Debug|Win32.ActiveCfg = Debug|Win32
		{CB863607-6B6C-0000-7689-000000001234}.Debug|Win32.Build.0 = Debug|Win32
		{CB863607-6B6C-0000-7689-000000001234}.Debug|x64.ActiveCfg = Debug|Win32
		{CB863607-6B6C-0000-7689-000000001234}.Release|Win32.ActiveCfg = Debug|Win32
		{CB863607-6B6C-0000-7689-000000001234}.Release|Win32.Build.0 = Debug|Win32
		{CB863607-6B6C-0000-7689-000000001234}.Release|x64.ActiveCfg = Debug|Win32
		{CB86E507-6B6C-4FDF-9B6D-27AA123AE463}.Debug|Win32.ActiveCfg = Debug|Win32
		{CB86E507-6B6C-4FDF-9B6D-27AA123AE463}.Debug|Win32.Build.0 = Debug|Win32
		{CB86E507-6B6C-4FDF-9B6D-27AA123AE463}.Debug|x64.ActiveCfg = Debug|Win32
		{CB86E507-6B6C-4FDF-9B6D-27AA123AE463}.Release|Win32.ActiveCfg = Debug|Win32
		{CB86E507-6B6C-4FDF-9B6D-27AA123AE463}.Release|Win32.Build.0 = Debug|Win32
		{CB86E507-6B6C-4FDF-9B6D-27AA123AE463}.Release|x64.ActiveCfg = Debug|Win32
		{909637FA-8229-45A9-9F42-53D8ED5F91C5}.Debug|Win32.ActiveCfg = Debug|Win32
		{909637FA-8229-45A9-9F42-53D8ED5F91C5}.Debug|Win32.Build.0 = Debug|Win32
		{909637FA-8229-45A9-9F42-53D8ED5F91C5}.Debug|x64.ActiveCfg = Debug|Win32
		{909637FA-8229-45A9-9F42-53D8ED5F91C5}.Release|Win32.ActiveCfg = Debug|Win32
		{909637FA-8229-45A9-9F42-53D8ED5F91C5}.Release|Win32.Build.0 = Debug|Win32
		{909637FA-8229-45A9-9F42-53D8ED5F91C5}.Release|x64.ActiveCfg = Debug|Win32
		{328002C9-0726-4BB5-AD09-1BA1DC96F912}.Debug|Win32.ActiveCfg = Debug|Win32
		{328002C9-0726-4BB5-AD09-1BA1DC96F912}.Debug|Win32.Build.0 = Debug|Win32
		{328002C9-0726-4BB5-AD09-1BA1DC96F912}.Debug|x64.ActiveCfg = Debug|Win32
		{328002C9-0726-4BB5-AD09-1BA1DC96F912}.Release|Win32.ActiveCfg = Debug|Win32
		{328002C9-0726-4BB5-AD09-1BA1DC96F912}.Release|Win32.Build.0 = Debug|Win32
		{328002C9-0726-4BB5-AD09-1BA1DC96F912}.Release|x64.ActiveCfg = Debug|Win32
		{99675DC2-A7EE-4BC8-B7E7-CD437D4FAC3B}.Debug|Win32.ActiveCfg = Debug|Win32
		{99675DC2-A7EE-4BC8-B7E7-CD437D4FAC3B}.Debug|Win32.Build.0 = Debug|Win32
		{99675DC2-A7EE-4BC8-B7E7-CD437D4FAC3B}.Debug|x64.ActiveCfg = Debug|Win32
		{99675DC2-A7EE-4BC8-B7E7-CD437D4FAC3B}.Release|Win32.ActiveCfg = Debug|Win32
		{99675DC2-A7EE-4BC8-B7E7-CD437D4FAC3B}.Release|Win32.Build.0 = Debug|Win32
		{99675DC2-A7EE-4BC8-B7E7-CD437D4FAC3B}.Release|x64.ActiveCfg = Debug|Win32
	EndGlobalSection
	GlobalSection(SolutionProperties) = preSolution
		HideSolutionNode = FALSE
	EndGlobalSection
	GlobalSection(NestedProjects) = preSolution
		{CB96E607-6B6C-0000-0000-000000000000} = {E23E03B7-7DFC-4A8F-B996-F0D052E8EBDD}
		{CB86E507-6B6C-4FDF-9B6D-27AA925AE463} = {E23E03B7-7DFC-4A8F-B996-F0D052E8EBDD}
		{CB86E507-6B6C-4FDF-9B6D-27AA123AE463} = {E23E03B7-7DFC-4A8F-B996-F0D052E8EBDD}
		{CB863607-6B6C-0000-0000-000000000000} = {E23E03B7-7DFC-4A8F-B996-F0D052E8EBDD}
		{43564684-75A9-41FE-847B-BF8514C14571} = {0AB99E2F-D746-4ABC-BF14-33F6936CF927}
		{CB863607-6B6C-0000-0000-678900001234} = {45695057-0514-4294-AE1D-15D4017F0389}
		{CB863607-6B6C-0000-1234-000000001234} = {45695057-0514-4294-AE1D-15D4017F0389}
		{CB863607-6B6C-0000-7689-000000001234} = {45695057-0514-4294-AE1D-15D4017F0389}
		{CB863607-6B6C-0000-0000-000000001234} = {45695057-0514-4294-AE1D-15D4017F0389}
		{909637FA-8229-45A9-9F42-53D8ED5F91C5} = {F36FF650-2081-42D4-82C2-645324897900}
		{328002C9-0726-4BB5-AD09-1BA1DC96F912} = {F36FF650-2081-42D4-82C2-645324897900}
		{99675DC2-A7EE-4BC8-B7E7-CD437D4FAC3B} = {F36FF650-2081-42D4-82C2-645324897900}
	EndGlobalSection
	GlobalSection(DevPartner Solution Properties) = postSolution
	EndGlobalSection
EndGlobal
