Microsoft Visual Studio Solution File, Format Version 9.00
# Visual Studio 2005
Project("{8BC9CEB8-8B4A-11D0-8D11-00A0C91BC942}") = "cd", "cd.vcproj", "{01818D2C-65AF-4D5C-9452-4DFF401C6461}"
	ProjectSection(ProjectDependencies) = postProject
		{01818D2C-65AF-AFDC-4356-1234401C6461} = {01818D2C-65AF-AFDC-4356-1234401C6461}
	EndProjectSection
EndProject
Project("{8BC9CEB8-8B4A-11D0-8D11-00A0C91BC942}") = "cdlua3", "cdlua3.vcproj", "{53FC9752-81C1-4AA6-B366-AF6D0A2B81F6}"
	ProjectSection(ProjectDependencies) = postProject
		{01818D2C-65AF-4D5C-9452-4DFF401C6461} = {01818D2C-65AF-4D5C-9452-4DFF401C6461}
	EndProjectSection
EndProject
Project("{8BC9CEB8-8B4A-11D0-8D11-00A0C91BC942}") = "cdgdiplus", "cdgdiplus.vcproj", "{51A96255-7EAB-4F36-A6E5-1BAF6245FA18}"
	ProjectSection(ProjectDependencies) = postProject
		{01818D2C-65AF-4D5C-9452-4DFF401C6461} = {01818D2C-65AF-4D5C-9452-4DFF401C6461}
	EndProjectSection
EndProject
Project("{8BC9CEB8-8B4A-11D0-8D11-00A0C91BC942}") = "cdlua5", "cdlua5.vcproj", "{53FC9752-81C1-4AA6-B366-A7890A2B81F6}"
	ProjectSection(ProjectDependencies) = postProject
		{01818D2C-65AF-4D5C-9452-4DFF401C6461} = {01818D2C-65AF-4D5C-9452-4DFF401C6461}
	EndProjectSection
EndProject
Project("{8BC9CEB8-8B4A-11D0-8D11-00A0C91BC942}") = "cdpdf", "cdpdf.vcproj", "{8441F69D-7135-43B2-974F-45C6123C8467}"
	ProjectSection(ProjectDependencies) = postProject
		{8441F69D-7135-ABCD-1234-45C6123C8467} = {8441F69D-7135-ABCD-1234-45C6123C8467}
	EndProjectSection
EndProject
Project("{8BC9CEB8-8B4A-11D0-8D11-00A0C91BC942}") = "cdx11", "cdx11.vcproj", "{01818D2C-7689-4D5C-1234-4DFF401C6461}"
EndProject
Project("{8BC9CEB8-8B4A-11D0-8D11-00A0C91BC942}") = "cdluapdf3", "cdluapdf3.vcproj", "{B4823266-DF8C-AAAA-9999-C7E78C234EAC}"
	ProjectSection(ProjectDependencies) = postProject
		{53FC9752-81C1-4AA6-B366-AF6D0A2B81F6} = {53FC9752-81C1-4AA6-B366-AF6D0A2B81F6}
		{8441F69D-7135-43B2-974F-45C6123C8467} = {8441F69D-7135-43B2-974F-45C6123C8467}
	EndProjectSection
EndProject
Project("{8BC9CEB8-8B4A-11D0-8D11-00A0C91BC942}") = "cdluapdf5", "cdluapdf5.vcproj", "{B4823266-DF8C-1224-EE00-C7688C234EAC}"
	ProjectSection(ProjectDependencies) = postProject
		{53FC9752-81C1-4AA6-B366-A7890A2B81F6} = {53FC9752-81C1-4AA6-B366-A7890A2B81F6}
		{8441F69D-7135-43B2-974F-45C6123C8467} = {8441F69D-7135-43B2-974F-45C6123C8467}
	EndProjectSection
EndProject
Project("{8BC9CEB8-8B4A-11D0-8D11-00A0C91BC942}") = "cdxrender", "cdxrender.vcproj", "{160DEDA5-C1AA-48C7-8B07-490C6A8DE2EE}"
EndProject
Project("{8BC9CEB8-8B4A-11D0-8D11-00A0C91BC942}") = "cdluaim5", "cdluaim5.vcproj", "{CB863607-6B6C-0000-0000-123400001234}"
	ProjectSection(ProjectDependencies) = postProject
		{53FC9752-81C1-4AA6-B366-A7890A2B81F6} = {53FC9752-81C1-4AA6-B366-A7890A2B81F6}
	EndProjectSection
EndProject
Project("{8BC9CEB8-8B4A-11D0-8D11-00A0C91BC942}") = "pdflib", "cd_pdflib.vcproj", "{8441F69D-7135-ABCD-1234-45C6123C8467}"
EndProject
Project("{8BC9CEB8-8B4A-11D0-8D11-00A0C91BC942}") = "freetype6", "cd_freetype.vcproj", "{01818D2C-65AF-AFDC-4356-1234401C6461}"
EndProject
Project("{8BC9CEB8-8B4A-11D0-8D11-00A0C91BC942}") = "cdluacontextplus5", "cdluacontextplus5.vcproj", "{B4823266-DF8C-ABCD-1234-C7688C234EAC}"
EndProject
Project("{2150E333-8FDC-42A3-9474-1A3956D46DE8}") = "Lua5", "Lua5", "{EFB1BE3C-2981-456B-8E32-928CBDFF7822}"
EndProject
Project("{2150E333-8FDC-42A3-9474-1A3956D46DE8}") = "Lua3", "Lua3", "{E92DB6FF-5501-4FC0-81D2-00DB8EFA2434}"
EndProject
Project("{2150E333-8FDC-42A3-9474-1A3956D46DE8}") = "Test", "Test", "{162715BD-4DB3-4007-8B50-725C0BD11878}"
EndProject
Project("{8BC9CEB8-8B4A-11D0-8D11-00A0C91BC942}") = "cdtest", "cdtest.vcproj", "{A7E49FB8-700A-45EC-9174-FB1C2C7E83C9}"
	ProjectSection(ProjectDependencies) = postProject
		{01818D2C-65AF-4D5C-9452-4DFF401C6461} = {01818D2C-65AF-4D5C-9452-4DFF401C6461}
		{51A96255-7EAB-4F36-A6E5-1BAF6245FA18} = {51A96255-7EAB-4F36-A6E5-1BAF6245FA18}
		{8441F69D-7135-43B2-974F-45C6123C8467} = {8441F69D-7135-43B2-974F-45C6123C8467}
	EndProjectSection
EndProject
Project("{8BC9CEB8-8B4A-11D0-8D11-00A0C91BC942}") = "cdsimple", "cdsimple.vcproj", "{82BC36B1-9F7A-41D4-A24F-DBE012378CE6}"
	ProjectSection(ProjectDependencies) = postProject
		{01818D2C-65AF-4D5C-9452-4DFF401C6461} = {01818D2C-65AF-4D5C-9452-4DFF401C6461}
		{51A96255-7EAB-4F36-A6E5-1BAF6245FA18} = {51A96255-7EAB-4F36-A6E5-1BAF6245FA18}
		{8441F69D-7135-43B2-974F-45C6123C8467} = {8441F69D-7135-43B2-974F-45C6123C8467}
	EndProjectSection
EndProject
Project("{8BC9CEB8-8B4A-11D0-8D11-00A0C91BC942}") = "cdgdk", "cdgdk.vcproj", "{01818D2C-AAAA-4D5C-ABCD-1234401C6461}"
EndProject
Project("{8BC9CEB8-8B4A-11D0-8D11-00A0C91BC942}") = "cdsimplegdk", "cdsimplegdk.vcproj", "{82BC36B1-DDDD-41D4-ABCD-A12312378CE6}"
	ProjectSection(ProjectDependencies) = postProject
		{01818D2C-AAAA-4D5C-ABCD-1234401C6461} = {01818D2C-AAAA-4D5C-ABCD-1234401C6461}
		{8441F69D-7135-43B2-974F-45C6123C8467} = {8441F69D-7135-43B2-974F-45C6123C8467}
	EndProjectSection
EndProject
Global
	GlobalSection(SolutionConfigurationPlatforms) = preSolution
		Debug|Win32 = Debug|Win32
	EndGlobalSection
	GlobalSection(ProjectConfigurationPlatforms) = postSolution
		{01818D2C-65AF-4D5C-9452-4DFF401C6461}.Debug|Win32.ActiveCfg = Debug|Win32
		{01818D2C-65AF-4D5C-9452-4DFF401C6461}.Debug|Win32.Build.0 = Debug|Win32
		{53FC9752-81C1-4AA6-B366-AF6D0A2B81F6}.Debug|Win32.ActiveCfg = Debug|Win32
		{53FC9752-81C1-4AA6-B366-AF6D0A2B81F6}.Debug|Win32.Build.0 = Debug|Win32
		{51A96255-7EAB-4F36-A6E5-1BAF6245FA18}.Debug|Win32.ActiveCfg = Debug|Win32
		{51A96255-7EAB-4F36-A6E5-1BAF6245FA18}.Debug|Win32.Build.0 = Debug|Win32
		{53FC9752-81C1-4AA6-B366-A7890A2B81F6}.Debug|Win32.ActiveCfg = Debug|Win32
		{53FC9752-81C1-4AA6-B366-A7890A2B81F6}.Debug|Win32.Build.0 = Debug|Win32
		{8441F69D-7135-43B2-974F-45C6123C8467}.Debug|Win32.ActiveCfg = Debug|Win32
		{8441F69D-7135-43B2-974F-45C6123C8467}.Debug|Win32.Build.0 = Debug|Win32
		{01818D2C-7689-4D5C-1234-4DFF401C6461}.Debug|Win32.ActiveCfg = Debug|Win32
		{B4823266-DF8C-AAAA-9999-C7E78C234EAC}.Debug|Win32.ActiveCfg = Debug|Win32
		{B4823266-DF8C-AAAA-9999-C7E78C234EAC}.Debug|Win32.Build.0 = Debug|Win32
		{B4823266-DF8C-1224-EE00-C7688C234EAC}.Debug|Win32.ActiveCfg = Debug|Win32
		{B4823266-DF8C-1224-EE00-C7688C234EAC}.Debug|Win32.Build.0 = Debug|Win32
		{160DEDA5-C1AA-48C7-8B07-490C6A8DE2EE}.Debug|Win32.ActiveCfg = Debug|Win32
		{CB863607-6B6C-0000-0000-123400001234}.Debug|Win32.ActiveCfg = Debug|Win32
		{CB863607-6B6C-0000-0000-123400001234}.Debug|Win32.Build.0 = Debug|Win32
		{8441F69D-7135-ABCD-1234-45C6123C8467}.Debug|Win32.ActiveCfg = Debug|Win32
		{8441F69D-7135-ABCD-1234-45C6123C8467}.Debug|Win32.Build.0 = Debug|Win32
		{01818D2C-65AF-AFDC-4356-1234401C6461}.Debug|Win32.ActiveCfg = Debug|Win32
		{01818D2C-65AF-AFDC-4356-1234401C6461}.Debug|Win32.Build.0 = Debug|Win32
		{B4823266-DF8C-ABCD-1234-C7688C234EAC}.Debug|Win32.ActiveCfg = Debug|Win32
		{B4823266-DF8C-ABCD-1234-C7688C234EAC}.Debug|Win32.Build.0 = Debug|Win32
		{A7E49FB8-700A-45EC-9174-FB1C2C7E83C9}.Debug|Win32.ActiveCfg = Debug|Win32
		{A7E49FB8-700A-45EC-9174-FB1C2C7E83C9}.Debug|Win32.Build.0 = Debug|Win32
		{82BC36B1-9F7A-41D4-A24F-DBE012378CE6}.Debug|Win32.ActiveCfg = Debug|Win32
		{82BC36B1-9F7A-41D4-A24F-DBE012378CE6}.Debug|Win32.Build.0 = Debug|Win32
		{01818D2C-AAAA-4D5C-ABCD-1234401C6461}.Debug|Win32.ActiveCfg = Debug|Win32
		{01818D2C-AAAA-4D5C-ABCD-1234401C6461}.Debug|Win32.Build.0 = Debug|Win32
		{82BC36B1-DDDD-41D4-ABCD-A12312378CE6}.Debug|Win32.ActiveCfg = Debug|Win32
		{82BC36B1-DDDD-41D4-ABCD-A12312378CE6}.Debug|Win32.Build.0 = Debug|Win32
	EndGlobalSection
	GlobalSection(SolutionProperties) = preSolution
		HideSolutionNode = FALSE
	EndGlobalSection
	GlobalSection(NestedProjects) = preSolution
		{B4823266-DF8C-AAAA-9999-C7E78C234EAC} = {E92DB6FF-5501-4FC0-81D2-00DB8EFA2434}
		{53FC9752-81C1-4AA6-B366-AF6D0A2B81F6} = {E92DB6FF-5501-4FC0-81D2-00DB8EFA2434}
		{B4823266-DF8C-1224-EE00-C7688C234EAC} = {EFB1BE3C-2981-456B-8E32-928CBDFF7822}
		{CB863607-6B6C-0000-0000-123400001234} = {EFB1BE3C-2981-456B-8E32-928CBDFF7822}
		{B4823266-DF8C-ABCD-1234-C7688C234EAC} = {EFB1BE3C-2981-456B-8E32-928CBDFF7822}
		{53FC9752-81C1-4AA6-B366-A7890A2B81F6} = {EFB1BE3C-2981-456B-8E32-928CBDFF7822}
		{A7E49FB8-700A-45EC-9174-FB1C2C7E83C9} = {162715BD-4DB3-4007-8B50-725C0BD11878}
		{82BC36B1-9F7A-41D4-A24F-DBE012378CE6} = {162715BD-4DB3-4007-8B50-725C0BD11878}
		{82BC36B1-DDDD-41D4-ABCD-A12312378CE6} = {162715BD-4DB3-4007-8B50-725C0BD11878}
	EndGlobalSection
	GlobalSection(DevPartner Solution Properties) = postSolution
	EndGlobalSection
	GlobalSection(DevPartner) = postSolution
	EndGlobalSection
	GlobalSection(DevPartner) = postSolution
	EndGlobalSection
	GlobalSection(DevPartner) = postSolution
	EndGlobalSection
	GlobalSection(DevPartner) = postSolution
	EndGlobalSection
	GlobalSection(DevPartner) = postSolution
	EndGlobalSection
	GlobalSection(DevPartner) = postSolution
	EndGlobalSection
	GlobalSection(DevPartner) = postSolution
	EndGlobalSection
	GlobalSection(DevPartner) = postSolution
	EndGlobalSection
	GlobalSection(DevPartner) = postSolution
	EndGlobalSection
EndGlobal
